
Microsoft Visual Studio Solution File, Format Version 12.00
# Visual Studio Version 16
VisualStudioVersion = 16.0.30804.86
MinimumVisualStudioVersion = 10.0.40219.1
Project("{9A19103F-16F7-4668-BE54-9A1E7A4F7556}") = "Announcement", "Announcement\Announcement.csproj", "{29D033EE-A087-446B-9B3C-6214E45DD53F}"
EndProject
Project("{9A19103F-16F7-4668-BE54-9A1E7A4F7556}") = "AnnouncementRazorPages", "AnnouncementRazorPages\AnnouncementRazorPages.csproj", "{5021CC66-9D00-4E85-BC34-2E9E011443A6}"
EndProject
Project("{9A19103F-16F7-4668-BE54-9A1E7A4F7556}") = "Data", "Data\Data.csproj", "{80F57C34-6A97-4642-B390-F657FDBD8FB7}"
EndProject
Global
	GlobalSection(SolutionConfigurationPlatforms) = preSolution
		Debug|Any CPU = Debug|Any CPU
		Release|Any CPU = Release|Any CPU
	EndGlobalSection
	GlobalSection(ProjectConfigurationPlatforms) = postSolution
		{29D033EE-A087-446B-9B3C-6214E45DD53F}.Debug|Any CPU.ActiveCfg = Debug|Any CPU
		{29D033EE-A087-446B-9B3C-6214E45DD53F}.Debug|Any CPU.Build.0 = Debug|Any CPU
		{29D033EE-A087-446B-9B3C-6214E45DD53F}.Release|Any CPU.ActiveCfg = Release|Any CPU
		{29D033EE-A087-446B-9B3C-6214E45DD53F}.Release|Any CPU.Build.0 = Release|Any CPU
		{5021CC66-9D00-4E85-BC34-2E9E011443A6}.Debug|Any CPU.ActiveCfg = Debug|Any CPU
		{5021CC66-9D00-4E85-BC34-2E9E011443A6}.Debug|Any CPU.Build.0 = Debug|Any CPU
		{5021CC66-9D00-4E85-BC34-2E9E011443A6}.Release|Any CPU.ActiveCfg = Release|Any CPU
		{5021CC66-9D00-4E85-BC34-2E9E011443A6}.Release|Any CPU.Build.0 = Release|Any CPU
		{80F57C34-6A97-4642-B390-F657FDBD8FB7}.Debug|Any CPU.ActiveCfg = Debug|Any CPU
		{80F57C34-6A97-4642-B390-F657FDBD8FB7}.Debug|Any CPU.Build.0 = Debug|Any CPU
		{80F57C34-6A97-4642-B390-F657FDBD8FB7}.Release|Any CPU.ActiveCfg = Release|Any CPU
		{80F57C34-6A97-4642-B390-F657FDBD8FB7}.Release|Any CPU.Build.0 = Release|Any CPU
	EndGlobalSection
	GlobalSection(SolutionProperties) = preSolution
		HideSolutionNode = FALSE
	EndGlobalSection
	GlobalSection(ExtensibilityGlobals) = postSolution
		SolutionGuid = {5EB1CA29-6802-43C4-BD70-05E808E9F5CA}
	EndGlobalSection
EndGlobal
